
Microsoft Visual Studio Solution File, Format Version 12.00
# Visual Studio Version 17
VisualStudioVersion = 17.3.32804.467
MinimumVisualStudioVersion = 10.0.40219.1
Project("{FAE04EC0-301F-11D3-BF4B-00C04F79EFBC}") = "WebAPI", "WebAPI\WebAPI.csproj", "{635A3F00-0EF1-4264-8B23-40435C4459C0}"
EndProject
Project("{FAE04EC0-301F-11D3-BF4B-00C04F79EFBC}") = "Core", "Core\Core.csproj", "{1AA11FE8-68D5-4092-8EAD-2B948346584B}"
EndProject
Project("{FAE04EC0-301F-11D3-BF4B-00C04F79EFBC}") = "Business", "Business\Business.csproj", "{359691AF-99FE-4AD5-AA6C-F2F9963E1EC6}"
EndProject
Project("{FAE04EC0-301F-11D3-BF4B-00C04F79EFBC}") = "DataAccess", "DataAccess\DataAccess.csproj", "{C86CC962-F0BA-4099-A4F0-217E656B643B}"
EndProject
Project("{FAE04EC0-301F-11D3-BF4B-00C04F79EFBC}") = "Entities", "Entities\Entities.csproj", "{B07B3509-890F-4DAA-98DE-65E4E84599A4}"
EndProject
Global
	GlobalSection(SolutionConfigurationPlatforms) = preSolution
		Debug|Any CPU = Debug|Any CPU
		Release|Any CPU = Release|Any CPU
	EndGlobalSection
	GlobalSection(ProjectConfigurationPlatforms) = postSolution
		{635A3F00-0EF1-4264-8B23-40435C4459C0}.Debug|Any CPU.ActiveCfg = Debug|Any CPU
		{635A3F00-0EF1-4264-8B23-40435C4459C0}.Debug|Any CPU.Build.0 = Debug|Any CPU
		{635A3F00-0EF1-4264-8B23-40435C4459C0}.Release|Any CPU.ActiveCfg = Release|Any CPU
		{635A3F00-0EF1-4264-8B23-40435C4459C0}.Release|Any CPU.Build.0 = Release|Any CPU
		{1AA11FE8-68D5-4092-8EAD-2B948346584B}.Debug|Any CPU.ActiveCfg = Debug|Any CPU
		{1AA11FE8-68D5-4092-8EAD-2B948346584B}.Debug|Any CPU.Build.0 = Debug|Any CPU
		{1AA11FE8-68D5-4092-8EAD-2B948346584B}.Release|Any CPU.ActiveCfg = Release|Any CPU
		{1AA11FE8-68D5-4092-8EAD-2B948346584B}.Release|Any CPU.Build.0 = Release|Any CPU
		{359691AF-99FE-4AD5-AA6C-F2F9963E1EC6}.Debug|Any CPU.ActiveCfg = Debug|Any CPU
		{359691AF-99FE-4AD5-AA6C-F2F9963E1EC6}.Debug|Any CPU.Build.0 = Debug|Any CPU
		{359691AF-99FE-4AD5-AA6C-F2F9963E1EC6}.Release|Any CPU.ActiveCfg = Release|Any CPU
		{359691AF-99FE-4AD5-AA6C-F2F9963E1EC6}.Release|Any CPU.Build.0 = Release|Any CPU
		{C86CC962-F0BA-4099-A4F0-217E656B643B}.Debug|Any CPU.ActiveCfg = Debug|Any CPU
		{C86CC962-F0BA-4099-A4F0-217E656B643B}.Debug|Any CPU.Build.0 = Debug|Any CPU
		{C86CC962-F0BA-4099-A4F0-217E656B643B}.Release|Any CPU.ActiveCfg = Release|Any CPU
		{C86CC962-F0BA-4099-A4F0-217E656B643B}.Release|Any CPU.Build.0 = Release|Any CPU
		{B07B3509-890F-4DAA-98DE-65E4E84599A4}.Debug|Any CPU.ActiveCfg = Debug|Any CPU
		{B07B3509-890F-4DAA-98DE-65E4E84599A4}.Debug|Any CPU.Build.0 = Debug|Any CPU
		{B07B3509-890F-4DAA-98DE-65E4E84599A4}.Release|Any CPU.ActiveCfg = Release|Any CPU
		{B07B3509-890F-4DAA-98DE-65E4E84599A4}.Release|Any CPU.Build.0 = Release|Any CPU
	EndGlobalSection
	GlobalSection(SolutionProperties) = preSolution
		HideSolutionNode = FALSE
	EndGlobalSection
	GlobalSection(ExtensibilityGlobals) = postSolution
		SolutionGuid = {D87FF53A-4310-42CF-8FFB-78B6A11A2DE0}
	EndGlobalSection
EndGlobal
